// !$*UTF8*$!
{
	archiveVersion = 1;
	classes = {
	};
	objectVersion = 77;
	objects = {

/* Begin PBXBuildFile section */
		62A432342D82D33C00A0FBC1 /* CoinNetworking in Frameworks */ = {isa = PBXBuildFile; productRef = 62A432332D82D33C00A0FBC1 /* CoinNetworking */; };
/* End PBXBuildFile section */

/* Begin PBXContainerItemProxy section */
		62A431FD2D8243A800A0FBC1 /* PBXContainerItemProxy */ = {
			isa = PBXContainerItemProxy;
			containerPortal = 62A431E22D8243A700A0FBC1 /* Project object */;
			proxyType = 1;
			remoteGlobalIDString = 62A431E92D8243A700A0FBC1;
			remoteInfo = Coin;
		};
		62A432072D8243A800A0FBC1 /* PBXContainerItemProxy */ = {
			isa = PBXContainerItemProxy;
			containerPortal = 62A431E22D8243A700A0FBC1 /* Project object */;
			proxyType = 1;
			remoteGlobalIDString = 62A431E92D8243A700A0FBC1;
			remoteInfo = Coin;
		};
/* End PBXContainerItemProxy section */

/* Begin PBXFileReference section */
		62A431EA2D8243A700A0FBC1 /* Coin.app */ = {isa = PBXFileReference; explicitFileType = wrapper.application; includeInIndex = 0; path = Coin.app; sourceTree = BUILT_PRODUCTS_DIR; };
		62A431FC2D8243A800A0FBC1 /* CoinTests.xctest */ = {isa = PBXFileReference; explicitFileType = wrapper.cfbundle; includeInIndex = 0; path = CoinTests.xctest; sourceTree = BUILT_PRODUCTS_DIR; };
		62A432062D8243A800A0FBC1 /* CoinUITests.xctest */ = {isa = PBXFileReference; explicitFileType = wrapper.cfbundle; includeInIndex = 0; path = CoinUITests.xctest; sourceTree = BUILT_PRODUCTS_DIR; };
		62A4322B2D82459A00A0FBC1 /* CoinNetworking */ = {isa = PBXFileReference; lastKnownFileType = wrapper; name = CoinNetworking; path = ../CoinNetworking; sourceTree = SOURCE_ROOT; };
/* End PBXFileReference section */

/* Begin PBXFileSystemSynchronizedBuildFileExceptionSet section */
		62A4322D2D82CF4100A0FBC1 /* Exceptions for "Coin" folder in "Coin" target */ = {
			isa = PBXFileSystemSynchronizedBuildFileExceptionSet;
			membershipExceptions = (
				Info.plist,
			);
			target = 62A431E92D8243A700A0FBC1 /* Coin */;
		};
/* End PBXFileSystemSynchronizedBuildFileExceptionSet section */

/* Begin PBXFileSystemSynchronizedRootGroup section */
		62A431EC2D8243A700A0FBC1 /* Coin */ = {
			isa = PBXFileSystemSynchronizedRootGroup;
			exceptions = (
				62A4322D2D82CF4100A0FBC1 /* Exceptions for "Coin" folder in "Coin" target */,
			);
			path = Coin;
			sourceTree = "<group>";
		};
		62A431FF2D8243A800A0FBC1 /* CoinTests */ = {
			isa = PBXFileSystemSynchronizedRootGroup;
			path = CoinTests;
			sourceTree = "<group>";
		};
		62A432092D8243A800A0FBC1 /* CoinUITests */ = {
			isa = PBXFileSystemSynchronizedRootGroup;
			path = CoinUITests;
			sourceTree = "<group>";
		};
/* End PBXFileSystemSynchronizedRootGroup section */

/* Begin PBXFrameworksBuildPhase section */
		62A431E72D8243A700A0FBC1 /* Frameworks */ = {
			isa = PBXFrameworksBuildPhase;
			buildActionMask = 2147483647;
			files = (
				62A432342D82D33C00A0FBC1 /* CoinNetworking in Frameworks */,
			);
			runOnlyForDeploymentPostprocessing = 0;
		};
		62A431F92D8243A800A0FBC1 /* Frameworks */ = {
			isa = PBXFrameworksBuildPhase;
			buildActionMask = 2147483647;
			files = (
			);
			runOnlyForDeploymentPostprocessing = 0;
		};
		62A432032D8243A800A0FBC1 /* Frameworks */ = {
			isa = PBXFrameworksBuildPhase;
			buildActionMask = 2147483647;
			files = (
			);
			runOnlyForDeploymentPostprocessing = 0;
		};
/* End PBXFrameworksBuildPhase section */

/* Begin PBXGroup section */
		62A431E12D8243A700A0FBC1 = {
			isa = PBXGroup;
			children = (
				62A4322A2D82452000A0FBC1 /* Packages */,
				62A431EC2D8243A700A0FBC1 /* Coin */,
				62A431FF2D8243A800A0FBC1 /* CoinTests */,
				62A432092D8243A800A0FBC1 /* CoinUITests */,
				62A432322D82D33C00A0FBC1 /* Frameworks */,
				62A431EB2D8243A700A0FBC1 /* Products */,
			);
			sourceTree = "<group>";
		};
		62A431EB2D8243A700A0FBC1 /* Products */ = {
			isa = PBXGroup;
			children = (
				62A431EA2D8243A700A0FBC1 /* Coin.app */,
				62A431FC2D8243A800A0FBC1 /* CoinTests.xctest */,
				62A432062D8243A800A0FBC1 /* CoinUITests.xctest */,
			);
			name = Products;
			sourceTree = "<group>";
		};
		62A4322A2D82452000A0FBC1 /* Packages */ = {
			isa = PBXGroup;
			children = (
				62A4322B2D82459A00A0FBC1 /* CoinNetworking */,
			);
			path = Packages;
			sourceTree = "<group>";
		};
		62A432322D82D33C00A0FBC1 /* Frameworks */ = {
			isa = PBXGroup;
			children = (
			);
			name = Frameworks;
			sourceTree = "<group>";
		};
/* End PBXGroup section */

/* Begin PBXNativeTarget section */
		62A431E92D8243A700A0FBC1 /* Coin */ = {
			isa = PBXNativeTarget;
			buildConfigurationList = 62A432102D8243A800A0FBC1 /* Build configuration list for PBXNativeTarget "Coin" */;
			buildPhases = (
				62A431E62D8243A700A0FBC1 /* Sources */,
				62A431E72D8243A700A0FBC1 /* Frameworks */,
				62A431E82D8243A700A0FBC1 /* Resources */,
			);
			buildRules = (
			);
			dependencies = (
			);
			fileSystemSynchronizedGroups = (
				62A431EC2D8243A700A0FBC1 /* Coin */,
			);
			name = Coin;
			packageProductDependencies = (
				62A432332D82D33C00A0FBC1 /* CoinNetworking */,
			);
			productName = Coin;
			productReference = 62A431EA2D8243A700A0FBC1 /* Coin.app */;
			productType = "com.apple.product-type.application";
		};
		62A431FB2D8243A800A0FBC1 /* CoinTests */ = {
			isa = PBXNativeTarget;
			buildConfigurationList = 62A432132D8243A800A0FBC1 /* Build configuration list for PBXNativeTarget "CoinTests" */;
			buildPhases = (
				62A431F82D8243A800A0FBC1 /* Sources */,
				62A431F92D8243A800A0FBC1 /* Frameworks */,
				62A431FA2D8243A800A0FBC1 /* Resources */,
			);
			buildRules = (
			);
			dependencies = (
				62A431FE2D8243A800A0FBC1 /* PBXTargetDependency */,
			);
			fileSystemSynchronizedGroups = (
				62A431FF2D8243A800A0FBC1 /* CoinTests */,
			);
			name = CoinTests;
			packageProductDependencies = (
			);
			productName = CoinTests;
			productReference = 62A431FC2D8243A800A0FBC1 /* CoinTests.xctest */;
			productType = "com.apple.product-type.bundle.unit-test";
		};
		62A432052D8243A800A0FBC1 /* CoinUITests */ = {
			isa = PBXNativeTarget;
			buildConfigurationList = 62A432162D8243A800A0FBC1 /* Build configuration list for PBXNativeTarget "CoinUITests" */;
			buildPhases = (
				62A432022D8243A800A0FBC1 /* Sources */,
				62A432032D8243A800A0FBC1 /* Frameworks */,
				62A432042D8243A800A0FBC1 /* Resources */,
			);
			buildRules = (
			);
			dependencies = (
				62A432082D8243A800A0FBC1 /* PBXTargetDependency */,
			);
			fileSystemSynchronizedGroups = (
				62A432092D8243A800A0FBC1 /* CoinUITests */,
			);
			name = CoinUITests;
			packageProductDependencies = (
			);
			productName = CoinUITests;
			productReference = 62A432062D8243A800A0FBC1 /* CoinUITests.xctest */;
			productType = "com.apple.product-type.bundle.ui-testing";
		};
/* End PBXNativeTarget section */

/* Begin PBXProject section */
		62A431E22D8243A700A0FBC1 /* Project object */ = {
			isa = PBXProject;
			attributes = {
				BuildIndependentTargetsInParallel = 1;
				LastSwiftUpdateCheck = 1620;
				LastUpgradeCheck = 1620;
				TargetAttributes = {
					62A431E92D8243A700A0FBC1 = {
						CreatedOnToolsVersion = 16.2;
					};
					62A431FB2D8243A800A0FBC1 = {
						CreatedOnToolsVersion = 16.2;
						TestTargetID = 62A431E92D8243A700A0FBC1;
					};
					62A432052D8243A800A0FBC1 = {
						CreatedOnToolsVersion = 16.2;
						TestTargetID = 62A431E92D8243A700A0FBC1;
					};
				};
			};
			buildConfigurationList = 62A431E52D8243A700A0FBC1 /* Build configuration list for PBXProject "Coin" */;
			developmentRegion = en;
			hasScannedForEncodings = 0;
			knownRegions = (
				en,
				Base,
			);
			mainGroup = 62A431E12D8243A700A0FBC1;
			minimizedProjectReferenceProxies = 1;
			packageReferences = (
			);
			preferredProjectObjectVersion = 77;
			productRefGroup = 62A431EB2D8243A700A0FBC1 /* Products */;
			projectDirPath = "";
			projectRoot = "";
			targets = (
				62A431E92D8243A700A0FBC1 /* Coin */,
				62A431FB2D8243A800A0FBC1 /* CoinTests */,
				62A432052D8243A800A0FBC1 /* CoinUITests */,
			);
		};
/* End PBXProject section */

/* Begin PBXResourcesBuildPhase section */
		62A431E82D8243A700A0FBC1 /* Resources */ = {
			isa = PBXResourcesBuildPhase;
			buildActionMask = 2147483647;
			files = (
			);
			runOnlyForDeploymentPostprocessing = 0;
		};
		62A431FA2D8243A800A0FBC1 /* Resources */ = {
			isa = PBXResourcesBuildPhase;
			buildActionMask = 2147483647;
			files = (
			);
			runOnlyForDeploymentPostprocessing = 0;
		};
		62A432042D8243A800A0FBC1 /* Resources */ = {
			isa = PBXResourcesBuildPhase;
			buildActionMask = 2147483647;
			files = (
			);
			runOnlyForDeploymentPostprocessing = 0;
		};
/* End PBXResourcesBuildPhase section */

/* Begin PBXSourcesBuildPhase section */
		62A431E62D8243A700A0FBC1 /* Sources */ = {
			isa = PBXSourcesBuildPhase;
			buildActionMask = 2147483647;
			files = (
			);
			runOnlyForDeploymentPostprocessing = 0;
		};
		62A431F82D8243A800A0FBC1 /* Sources */ = {
			isa = PBXSourcesBuildPhase;
			buildActionMask = 2147483647;
			files = (
			);
			runOnlyForDeploymentPostprocessing = 0;
		};
		62A432022D8243A800A0FBC1 /* Sources */ = {
			isa = PBXSourcesBuildPhase;
			buildActionMask = 2147483647;
			files = (
			);
			runOnlyForDeploymentPostprocessing = 0;
		};
/* End PBXSourcesBuildPhase section */

/* Begin PBXTargetDependency section */
		62A431FE2D8243A800A0FBC1 /* PBXTargetDependency */ = {
			isa = PBXTargetDependency;
			target = 62A431E92D8243A700A0FBC1 /* Coin */;
			targetProxy = 62A431FD2D8243A800A0FBC1 /* PBXContainerItemProxy */;
		};
		62A432082D8243A800A0FBC1 /* PBXTargetDependency */ = {
			isa = PBXTargetDependency;
			target = 62A431E92D8243A700A0FBC1 /* Coin */;
			targetProxy = 62A432072D8243A800A0FBC1 /* PBXContainerItemProxy */;
		};
/* End PBXTargetDependency section */

/* Begin XCBuildConfiguration section */
		62A4320E2D8243A800A0FBC1 /* Debug */ = {
			isa = XCBuildConfiguration;
			buildSettings = {
				ALWAYS_SEARCH_USER_PATHS = NO;
				ASSETCATALOG_COMPILER_GENERATE_SWIFT_ASSET_SYMBOL_EXTENSIONS = YES;
				CLANG_ANALYZER_NONNULL = YES;
				CLANG_ANALYZER_NUMBER_OBJECT_CONVERSION = YES_AGGRESSIVE;
				CLANG_CXX_LANGUAGE_STANDARD = "gnu++20";
				CLANG_ENABLE_MODULES = YES;
				CLANG_ENABLE_OBJC_ARC = YES;
				CLANG_ENABLE_OBJC_WEAK = YES;
				CLANG_WARN_BLOCK_CAPTURE_AUTORELEASING = YES;
				CLANG_WARN_BOOL_CONVERSION = YES;
				CLANG_WARN_COMMA = YES;
				CLANG_WARN_CONSTANT_CONVERSION = YES;
				CLANG_WARN_DEPRECATED_OBJC_IMPLEMENTATIONS = YES;
				CLANG_WARN_DIRECT_OBJC_ISA_USAGE = YES_ERROR;
				CLANG_WARN_DOCUMENTATION_COMMENTS = YES;
				CLANG_WARN_EMPTY_BODY = YES;
				CLANG_WARN_ENUM_CONVERSION = YES;
				CLANG_WARN_INFINITE_RECURSION = YES;
				CLANG_WARN_INT_CONVERSION = YES;
				CLANG_WARN_NON_LITERAL_NULL_CONVERSION = YES;
				CLANG_WARN_OBJC_IMPLICIT_RETAIN_SELF = YES;
				CLANG_WARN_OBJC_LITERAL_CONVERSION = YES;
				CLANG_WARN_OBJC_ROOT_CLASS = YES_ERROR;
				CLANG_WARN_QUOTED_INCLUDE_IN_FRAMEWORK_HEADER = YES;
				CLANG_WARN_RANGE_LOOP_ANALYSIS = YES;
				CLANG_WARN_STRICT_PROTOTYPES = YES;
				CLANG_WARN_SUSPICIOUS_MOVE = YES;
				CLANG_WARN_UNGUARDED_AVAILABILITY = YES_AGGRESSIVE;
				CLANG_WARN_UNREACHABLE_CODE = YES;
				CLANG_WARN__DUPLICATE_METHOD_MATCH = YES;
				COPY_PHASE_STRIP = NO;
				DEBUG_INFORMATION_FORMAT = dwarf;
				ENABLE_STRICT_OBJC_MSGSEND = YES;
				ENABLE_TESTABILITY = YES;
				ENABLE_USER_SCRIPT_SANDBOXING = YES;
				GCC_C_LANGUAGE_STANDARD = gnu17;
				GCC_DYNAMIC_NO_PIC = NO;
				GCC_NO_COMMON_BLOCKS = YES;
				GCC_OPTIMIZATION_LEVEL = 0;
				GCC_PREPROCESSOR_DEFINITIONS = (
					"DEBUG=1",
					"$(inherited)",
				);
				GCC_WARN_64_TO_32_BIT_CONVERSION = YES;
				GCC_WARN_ABOUT_RETURN_TYPE = YES_ERROR;
				GCC_WARN_UNDECLARED_SELECTOR = YES;
				GCC_WARN_UNINITIALIZED_AUTOS = YES_AGGRESSIVE;
				GCC_WARN_UNUSED_FUNCTION = YES;
				GCC_WARN_UNUSED_VARIABLE = YES;
				IPHONEOS_DEPLOYMENT_TARGET = 18.2;
				LOCALIZATION_PREFERS_STRING_CATALOGS = YES;
				MTL_ENABLE_DEBUG_INFO = INCLUDE_SOURCE;
				MTL_FAST_MATH = YES;
				ONLY_ACTIVE_ARCH = YES;
				SDKROOT = iphoneos;
				SWIFT_ACTIVE_COMPILATION_CONDITIONS = "DEBUG $(inherited)";
				SWIFT_OPTIMIZATION_LEVEL = "-Onone";
			};
			name = Debug;
		};
		62A4320F2D8243A800A0FBC1 /* Release */ = {
			isa = XCBuildConfiguration;
			buildSettings = {
				ALWAYS_SEARCH_USER_PATHS = NO;
				ASSETCATALOG_COMPILER_GENERATE_SWIFT_ASSET_SYMBOL_EXTENSIONS = YES;
				CLANG_ANALYZER_NONNULL = YES;
				CLANG_ANALYZER_NUMBER_OBJECT_CONVERSION = YES_AGGRESSIVE;
				CLANG_CXX_LANGUAGE_STANDARD = "gnu++20";
				CLANG_ENABLE_MODULES = YES;
				CLANG_ENABLE_OBJC_ARC = YES;
				CLANG_ENABLE_OBJC_WEAK = YES;
				CLANG_WARN_BLOCK_CAPTURE_AUTORELEASING = YES;
				CLANG_WARN_BOOL_CONVERSION = YES;
				CLANG_WARN_COMMA = YES;
				CLANG_WARN_CONSTANT_CONVERSION = YES;
				CLANG_WARN_DEPRECATED_OBJC_IMPLEMENTATIONS = YES;
				CLANG_WARN_DIRECT_OBJC_ISA_USAGE = YES_ERROR;
				CLANG_WARN_DOCUMENTATION_COMMENTS = YES;
				CLANG_WARN_EMPTY_BODY = YES;
				CLANG_WARN_ENUM_CONVERSION = YES;
				CLANG_WARN_INFINITE_RECURSION = YES;
				CLANG_WARN_INT_CONVERSION = YES;
				CLANG_WARN_NON_LITERAL_NULL_CONVERSION = YES;
				CLANG_WARN_OBJC_IMPLICIT_RETAIN_SELF = YES;
				CLANG_WARN_OBJC_LITERAL_CONVERSION = YES;
				CLANG_WARN_OBJC_ROOT_CLASS = YES_ERROR;
				CLANG_WARN_QUOTED_INCLUDE_IN_FRAMEWORK_HEADER = YES;
				CLANG_WARN_RANGE_LOOP_ANALYSIS = YES;
				CLANG_WARN_STRICT_PROTOTYPES = YES;
				CLANG_WARN_SUSPICIOUS_MOVE = YES;
				CLANG_WARN_UNGUARDED_AVAILABILITY = YES_AGGRESSIVE;
				CLANG_WARN_UNREACHABLE_CODE = YES;
				CLANG_WARN__DUPLICATE_METHOD_MATCH = YES;
				COPY_PHASE_STRIP = NO;
				DEBUG_INFORMATION_FORMAT = "dwarf-with-dsym";
				ENABLE_NS_ASSERTIONS = NO;
				ENABLE_STRICT_OBJC_MSGSEND = YES;
				ENABLE_USER_SCRIPT_SANDBOXING = YES;
				GCC_C_LANGUAGE_STANDARD = gnu17;
				GCC_NO_COMMON_BLOCKS = YES;
				GCC_WARN_64_TO_32_BIT_CONVERSION = YES;
				GCC_WARN_ABOUT_RETURN_TYPE = YES_ERROR;
				GCC_WARN_UNDECLARED_SELECTOR = YES;
				GCC_WARN_UNINITIALIZED_AUTOS = YES_AGGRESSIVE;
				GCC_WARN_UNUSED_FUNCTION = YES;
				GCC_WARN_UNUSED_VARIABLE = YES;
				IPHONEOS_DEPLOYMENT_TARGET = 18.2;
				LOCALIZATION_PREFERS_STRING_CATALOGS = YES;
				MTL_ENABLE_DEBUG_INFO = NO;
				MTL_FAST_MATH = YES;
				SDKROOT = iphoneos;
				SWIFT_COMPILATION_MODE = wholemodule;
				VALIDATE_PRODUCT = YES;
			};
			name = Release;
		};
		62A432112D8243A800A0FBC1 /* Debug */ = {
			isa = XCBuildConfiguration;
			buildSettings = {
				ASSETCATALOG_COMPILER_APPICON_NAME = AppIcon;
				ASSETCATALOG_COMPILER_GLOBAL_ACCENT_COLOR_NAME = AccentColor;
				CODE_SIGN_ENTITLEMENTS = Coin/Coin.entitlements;
				CODE_SIGN_STYLE = Automatic;
				COIN_API_KEY = coinranking10f3d88a9c3d0d782237be145e96679a13990f5737cdc5c3;
				CURRENT_PROJECT_VERSION = 1;
				DEVELOPMENT_ASSET_PATHS = "\"Coin/Preview Content\"";
				DEVELOPMENT_TEAM = 5L94XRPVKN;
				ENABLE_PREVIEWS = YES;
				GENERATE_INFOPLIST_FILE = YES;
				INFOPLIST_FILE = Coin/Info.plist;
				INFOPLIST_KEY_CFBundleDisplayName = Coin;
				INFOPLIST_KEY_LSApplicationCategoryType = "public.app-category.finance";
				INFOPLIST_KEY_UIApplicationSceneManifest_Generation = YES;
				INFOPLIST_KEY_UIApplicationSupportsIndirectInputEvents = YES;
				INFOPLIST_KEY_UISupportedInterfaceOrientations = UIInterfaceOrientationPortrait;
				LD_RUNPATH_SEARCH_PATHS = (
					"$(inherited)",
					"@executable_path/Frameworks",
				);
				MARKETING_VERSION = 1.0;
				PRODUCT_BUNDLE_IDENTIFIER = com.blinc.app.Coin;
				PRODUCT_NAME = "$(TARGET_NAME)";
				SWIFT_EMIT_LOC_STRINGS = YES;
				SWIFT_VERSION = 5.0;
				TARGETED_DEVICE_FAMILY = "1,2";
			};
			name = Debug;
		};
		62A432122D8243A800A0FBC1 /* Release */ = {
			isa = XCBuildConfiguration;
			buildSettings = {
				ASSETCATALOG_COMPILER_APPICON_NAME = AppIcon;
				ASSETCATALOG_COMPILER_GLOBAL_ACCENT_COLOR_NAME = AccentColor;
				CODE_SIGN_ENTITLEMENTS = Coin/Coin.entitlements;
				CODE_SIGN_STYLE = Automatic;
				COIN_API_KEY = coinranking10f3d88a9c3d0d782237be145e96679a13990f5737cdc5c3;
				CURRENT_PROJECT_VERSION = 1;
				DEVELOPMENT_ASSET_PATHS = "\"Coin/Preview Content\"";
				DEVELOPMENT_TEAM = 5L94XRPVKN;
				ENABLE_PREVIEWS = YES;
				GENERATE_INFOPLIST_FILE = YES;
				INFOPLIST_FILE = Coin/Info.plist;
				INFOPLIST_KEY_CFBundleDisplayName = Coin;
				INFOPLIST_KEY_LSApplicationCategoryType = "public.app-category.finance";
				INFOPLIST_KEY_UIApplicationSceneManifest_Generation = YES;
				INFOPLIST_KEY_UIApplicationSupportsIndirectInputEvents = YES;
				INFOPLIST_KEY_UISupportedInterfaceOrientations = UIInterfaceOrientationPortrait;
				LD_RUNPATH_SEARCH_PATHS = (
					"$(inherited)",
					"@executable_path/Frameworks",
				);
				MARKETING_VERSION = 1.0;
				PRODUCT_BUNDLE_IDENTIFIER = com.blinc.app.Coin;
				PRODUCT_NAME = "$(TARGET_NAME)";
				SWIFT_EMIT_LOC_STRINGS = YES;
				SWIFT_VERSION = 5.0;
				TARGETED_DEVICE_FAMILY = "1,2";
			};
			name = Release;
		};
		62A432142D8243A800A0FBC1 /* Debug */ = {
			isa = XCBuildConfiguration;
			buildSettings = {
				BUNDLE_LOADER = "$(TEST_HOST)";
				CODE_SIGN_STYLE = Automatic;
				CURRENT_PROJECT_VERSION = 1;
				DEVELOPMENT_TEAM = 5L94XRPVKN;
				GENERATE_INFOPLIST_FILE = YES;
				IPHONEOS_DEPLOYMENT_TARGET = 18.2;
				MARKETING_VERSION = 1.0;
				PRODUCT_BUNDLE_IDENTIFIER = com.blinc.app.CoinTests;
				PRODUCT_NAME = "$(TARGET_NAME)";
				SWIFT_EMIT_LOC_STRINGS = NO;
				SWIFT_VERSION = 5.0;
				TARGETED_DEVICE_FAMILY = "1,2";
				TEST_HOST = "$(BUILT_PRODUCTS_DIR)/Coin.app/$(BUNDLE_EXECUTABLE_FOLDER_PATH)/Coin";
			};
			name = Debug;
		};
		62A432152D8243A800A0FBC1 /* Release */ = {
			isa = XCBuildConfiguration;
			buildSettings = {
				BUNDLE_LOADER = "$(TEST_HOST)";
				CODE_SIGN_STYLE = Automatic;
				CURRENT_PROJECT_VERSION = 1;
				DEVELOPMENT_TEAM = 5L94XRPVKN;
				GENERATE_INFOPLIST_FILE = YES;
				IPHONEOS_DEPLOYMENT_TARGET = 18.2;
				MARKETING_VERSION = 1.0;
				PRODUCT_BUNDLE_IDENTIFIER = com.blinc.app.CoinTests;
				PRODUCT_NAME = "$(TARGET_NAME)";
				SWIFT_EMIT_LOC_STRINGS = NO;
				SWIFT_VERSION = 5.0;
				TARGETED_DEVICE_FAMILY = "1,2";
				TEST_HOST = "$(BUILT_PRODUCTS_DIR)/Coin.app/$(BUNDLE_EXECUTABLE_FOLDER_PATH)/Coin";
			};
			name = Release;
		};
		62A432172D8243A800A0FBC1 /* Debug */ = {
			isa = XCBuildConfiguration;
			buildSettings = {
				CODE_SIGN_STYLE = Automatic;
				CURRENT_PROJECT_VERSION = 1;
				DEVELOPMENT_TEAM = 5L94XRPVKN;
				GENERATE_INFOPLIST_FILE = YES;
				MARKETING_VERSION = 1.0;
				PRODUCT_BUNDLE_IDENTIFIER = com.blinc.app.CoinUITests;
				PRODUCT_NAME = "$(TARGET_NAME)";
				SWIFT_EMIT_LOC_STRINGS = NO;
				SWIFT_VERSION = 5.0;
				TARGETED_DEVICE_FAMILY = "1,2";
				TEST_TARGET_NAME = Coin;
			};
			name = Debug;
		};
		62A432182D8243A800A0FBC1 /* Release */ = {
			isa = XCBuildConfiguration;
			buildSettings = {
				CODE_SIGN_STYLE = Automatic;
				CURRENT_PROJECT_VERSION = 1;
				DEVELOPMENT_TEAM = 5L94XRPVKN;
				GENERATE_INFOPLIST_FILE = YES;
				MARKETING_VERSION = 1.0;
				PRODUCT_BUNDLE_IDENTIFIER = com.blinc.app.CoinUITests;
				PRODUCT_NAME = "$(TARGET_NAME)";
				SWIFT_EMIT_LOC_STRINGS = NO;
				SWIFT_VERSION = 5.0;
				TARGETED_DEVICE_FAMILY = "1,2";
				TEST_TARGET_NAME = Coin;
			};
			name = Release;
		};
/* End XCBuildConfiguration section */

/* Begin XCConfigurationList section */
		62A431E52D8243A700A0FBC1 /* Build configuration list for PBXProject "Coin" */ = {
			isa = XCConfigurationList;
			buildConfigurations = (
				62A4320E2D8243A800A0FBC1 /* Debug */,
				62A4320F2D8243A800A0FBC1 /* Release */,
			);
			defaultConfigurationIsVisible = 0;
			defaultConfigurationName = Release;
		};
		62A432102D8243A800A0FBC1 /* Build configuration list for PBXNativeTarget "Coin" */ = {
			isa = XCConfigurationList;
			buildConfigurations = (
				62A432112D8243A800A0FBC1 /* Debug */,
				62A432122D8243A800A0FBC1 /* Release */,
			);
			defaultConfigurationIsVisible = 0;
			defaultConfigurationName = Release;
		};
		62A432132D8243A800A0FBC1 /* Build configuration list for PBXNativeTarget "CoinTests" */ = {
			isa = XCConfigurationList;
			buildConfigurations = (
				62A432142D8243A800A0FBC1 /* Debug */,
				62A432152D8243A800A0FBC1 /* Release */,
			);
			defaultConfigurationIsVisible = 0;
			defaultConfigurationName = Release;
		};
		62A432162D8243A800A0FBC1 /* Build configuration list for PBXNativeTarget "CoinUITests" */ = {
			isa = XCConfigurationList;
			buildConfigurations = (
				62A432172D8243A800A0FBC1 /* Debug */,
				62A432182D8243A800A0FBC1 /* Release */,
			);
			defaultConfigurationIsVisible = 0;
			defaultConfigurationName = Release;
		};
/* End XCConfigurationList section */

/* Begin XCSwiftPackageProductDependency section */
		62A432332D82D33C00A0FBC1 /* CoinNetworking */ = {
			isa = XCSwiftPackageProductDependency;
			productName = CoinNetworking;
		};
/* End XCSwiftPackageProductDependency section */
	};
	rootObject = 62A431E22D8243A700A0FBC1 /* Project object */;
}
